Microsoft Visual Studio Solution File, Format Version 12.00
# Visual Studio 15
Project("{2150E333-8FDC-42A3-9474-1A3956D46DE8}") = "CMakePredefinedTargets", "CMakePredefinedTargets", "{82A922FF-A11D-3FBC-9DCF-B6E632F8846A}"
EndProject
Project("{2150E333-8FDC-42A3-9474-1A3956D46DE8}") = "Examples", "Examples", "{EBF78FA3-FA04-3E68-97B7-C6ECB08F94EA}"
EndProject
Project("{2150E333-8FDC-42A3-9474-1A3956D46DE8}") = "Tutorial", "Examples\Tutorial", "{BAC195F6-A5B2-3E86-AE2B-7A9B00F6812D}"
EndProject
Project("{2150E333-8FDC-42A3-9474-1A3956D46DE8}") = "AddModule", "Examples\Tutorial\AddModule", "{B9122EFE-BB98-3CB7-B642-5B8ED46982AD}"
EndProject
Project("{2150E333-8FDC-42A3-9474-1A3956D46DE8}") = "Pose", "Examples\Tutorial\Pose", "{206C9194-9E05-3C39-A839-7BCA0A871E87}"
EndProject
Project("{2150E333-8FDC-42A3-9474-1A3956D46DE8}") = "Thread", "Examples\Tutorial\Thread", "{976A2900-8260-3E0F-8B4D-D07BEFBFCFEA}"
EndProject
Project("{2150E333-8FDC-42A3-9474-1A3956D46DE8}") = "Wrapper", "Examples\Tutorial\Wrapper", "{0763FF95-A768-3EE7-AE86-B99B7F225D67}"
EndProject
Project("{2150E333-8FDC-42A3-9474-1A3956D46DE8}") = "OpenPose library", "OpenPose library", "{2B515FCC-DF51-326F-BB9C-32028542A969}"
EndProject
Project("{8BC9CEB8-8B4A-11D0-8D11-00A0C91BC942}") = "OpenPoseDemo", "examples\openpose\OpenPoseDemo.vcxproj", "{507E9171-D4CE-33F6-B02E-4678C1491B2D}"
	ProjectSection(ProjectDependencies) = postProject
		{63FF4D80-D3F0-3ECC-9180-45912C8DFCB4} = {63FF4D80-D3F0-3ECC-9180-45912C8DFCB4}
	EndProjectSection
EndProject
Project("{8BC9CEB8-8B4A-11D0-8D11-00A0C91BC942}") = "1_custom_post_processing", "examples\tutorial_add_module\1_custom_post_processing.vcxproj", "{DD4870A1-D942-388F-9B38-38AF541C4090}"
	ProjectSection(ProjectDependencies) = postProject
		{63FF4D80-D3F0-3ECC-9180-45912C8DFCB4} = {63FF4D80-D3F0-3ECC-9180-45912C8DFCB4}
	EndProjectSection
EndProject
Project("{8BC9CEB8-8B4A-11D0-8D11-00A0C91BC942}") = "1_extract_from_image", "examples\tutorial_pose\1_extract_from_image.vcxproj", "{C9BDCB15-528A-3015-BD82-9814A15C1B50}"
	ProjectSection(ProjectDependencies) = postProject
		{63FF4D80-D3F0-3ECC-9180-45912C8DFCB4} = {63FF4D80-D3F0-3ECC-9180-45912C8DFCB4}
	EndProjectSection
EndProject
Project("{8BC9CEB8-8B4A-11D0-8D11-00A0C91BC942}") = "1_openpose_read_and_display", "examples\tutorial_thread\1_openpose_read_and_display.vcxproj", "{26C1F086-1A9C-37E9-B696-61FE2DDA39B2}"
	ProjectSection(ProjectDependencies) = postProject
		{63FF4D80-D3F0-3ECC-9180-45912C8DFCB4} = {63FF4D80-D3F0-3ECC-9180-45912C8DFCB4}
	EndProjectSection
EndProject
Project("{8BC9CEB8-8B4A-11D0-8D11-00A0C91BC942}") = "1_user_synchronous_postprocessing", "examples\tutorial_wrapper\1_user_synchronous_postprocessing.vcxproj", "{F9D404D9-2BE7-3F0C-9E4F-DDD47A619BC7}"
	ProjectSection(ProjectDependencies) = postProject
		{63FF4D80-D3F0-3ECC-9180-45912C8DFCB4} = {63FF4D80-D3F0-3ECC-9180-45912C8DFCB4}
	EndProjectSection
EndProject
Project("{8BC9CEB8-8B4A-11D0-8D11-00A0C91BC942}") = "2_extract_pose_or_heatmat_from_image", "examples\tutorial_pose\2_extract_pose_or_heatmat_from_image.vcxproj", "{264A7E8A-5BE2-34E4-AA76-B2AE287D6E98}"
	ProjectSection(ProjectDependencies) = postProject
		{63FF4D80-D3F0-3ECC-9180-45912C8DFCB4} = {63FF4D80-D3F0-3ECC-9180-45912C8DFCB4}
	EndProjectSection
EndProject
Project("{8BC9CEB8-8B4A-11D0-8D11-00A0C91BC942}") = "2_user_processing_function", "examples\tutorial_thread\2_user_processing_function.vcxproj", "{33DFCA19-8E81-3A87-8C26-E6E48861106B}"
	ProjectSection(ProjectDependencies) = postProject
		{63FF4D80-D3F0-3ECC-9180-45912C8DFCB4} = {63FF4D80-D3F0-3ECC-9180-45912C8DFCB4}
	EndProjectSection
EndProject
Project("{8BC9CEB8-8B4A-11D0-8D11-00A0C91BC942}") = "2_user_synchronous_input", "examples\tutorial_wrapper\2_user_synchronous_input.vcxproj", "{E5A9FDEA-0E55-3462-A606-BDACFCF5BE18}"
	ProjectSection(ProjectDependencies) = postProject
		{63FF4D80-D3F0-3ECC-9180-45912C8DFCB4} = {63FF4D80-D3F0-3ECC-9180-45912C8DFCB4}
	EndProjectSection
EndProject
Project("{8BC9CEB8-8B4A-11D0-8D11-00A0C91BC942}") = "3_user_input_processing_and_output", "examples\tutorial_thread\3_user_input_processing_and_output.vcxproj", "{E1AF5FE3-B3D9-3F1C-9FB5-37300D3771C8}"
	ProjectSection(ProjectDependencies) = postProject
		{63FF4D80-D3F0-3ECC-9180-45912C8DFCB4} = {63FF4D80-D3F0-3ECC-9180-45912C8DFCB4}
	EndProjectSection
EndProject
Project("{8BC9CEB8-8B4A-11D0-8D11-00A0C91BC942}") = "3_user_synchronous_output", "examples\tutorial_wrapper\3_user_synchronous_output.vcxproj", "{6E047B35-7ACC-3D2C-ACFC-13F53F3C873D}"
	ProjectSection(ProjectDependencies) = postProject
		{63FF4D80-D3F0-3ECC-9180-45912C8DFCB4} = {63FF4D80-D3F0-3ECC-9180-45912C8DFCB4}
	EndProjectSection
EndProject
Project("{8BC9CEB8-8B4A-11D0-8D11-00A0C91BC942}") = "4_user_input_processing_output_and_datum", "examples\tutorial_thread\4_user_input_processing_output_and_datum.vcxproj", "{135049F1-9102-3457-9A6A-98C78338212D}"
	ProjectSection(ProjectDependencies) = postProject
		{63FF4D80-D3F0-3ECC-9180-45912C8DFCB4} = {63FF4D80-D3F0-3ECC-9180-45912C8DFCB4}
	EndProjectSection
EndProject
Project("{8BC9CEB8-8B4A-11D0-8D11-00A0C91BC942}") = "4_user_synchronous_all", "examples\tutorial_wrapper\4_user_synchronous_all.vcxproj", "{A983A560-9AB0-3140-AB9E-DE1D435F5885}"
	ProjectSection(ProjectDependencies) = postProject
		{63FF4D80-D3F0-3ECC-9180-45912C8DFCB4} = {63FF4D80-D3F0-3ECC-9180-45912C8DFCB4}
	EndProjectSection
EndProject
Project("{8BC9CEB8-8B4A-11D0-8D11-00A0C91BC942}") = "5_user_asynchronous", "examples\tutorial_wrapper\5_user_asynchronous.vcxproj", "{A52FCC82-FF19-3283-A7CB-EF2C794707F0}"
	ProjectSection(ProjectDependencies) = postProject
		{63FF4D80-D3F0-3ECC-9180-45912C8DFCB4} = {63FF4D80-D3F0-3ECC-9180-45912C8DFCB4}
	EndProjectSection
EndProject
Project("{8BC9CEB8-8B4A-11D0-8D11-00A0C91BC942}") = "6_user_asynchronous_output", "examples\tutorial_wrapper\6_user_asynchronous_output.vcxproj", "{33FB93DD-77F1-3BC8-A72B-C2A71A229E7C}"
	ProjectSection(ProjectDependencies) = postProject
		{63FF4D80-D3F0-3ECC-9180-45912C8DFCB4} = {63FF4D80-D3F0-3ECC-9180-45912C8DFCB4}
	EndProjectSection
EndProject
Project("{8BC9CEB8-8B4A-11D0-8D11-00A0C91BC942}") = "ALL_BUILD", "ALL_BUILD.vcxproj", "{769F80D6-ED26-34E2-9BDF-AE3C874A229B}"
	ProjectSection(ProjectDependencies) = postProject
		{DD4870A1-D942-388F-9B38-38AF541C4090} = {DD4870A1-D942-388F-9B38-38AF541C4090}
		{C9BDCB15-528A-3015-BD82-9814A15C1B50} = {C9BDCB15-528A-3015-BD82-9814A15C1B50}
		{26C1F086-1A9C-37E9-B696-61FE2DDA39B2} = {26C1F086-1A9C-37E9-B696-61FE2DDA39B2}
		{F9D404D9-2BE7-3F0C-9E4F-DDD47A619BC7} = {F9D404D9-2BE7-3F0C-9E4F-DDD47A619BC7}
		{264A7E8A-5BE2-34E4-AA76-B2AE287D6E98} = {264A7E8A-5BE2-34E4-AA76-B2AE287D6E98}
		{33DFCA19-8E81-3A87-8C26-E6E48861106B} = {33DFCA19-8E81-3A87-8C26-E6E48861106B}
		{E5A9FDEA-0E55-3462-A606-BDACFCF5BE18} = {E5A9FDEA-0E55-3462-A606-BDACFCF5BE18}
		{E1AF5FE3-B3D9-3F1C-9FB5-37300D3771C8} = {E1AF5FE3-B3D9-3F1C-9FB5-37300D3771C8}
		{6E047B35-7ACC-3D2C-ACFC-13F53F3C873D} = {6E047B35-7ACC-3D2C-ACFC-13F53F3C873D}
		{135049F1-9102-3457-9A6A-98C78338212D} = {135049F1-9102-3457-9A6A-98C78338212D}
		{A983A560-9AB0-3140-AB9E-DE1D435F5885} = {A983A560-9AB0-3140-AB9E-DE1D435F5885}
		{A52FCC82-FF19-3283-A7CB-EF2C794707F0} = {A52FCC82-FF19-3283-A7CB-EF2C794707F0}
		{33FB93DD-77F1-3BC8-A72B-C2A71A229E7C} = {33FB93DD-77F1-3BC8-A72B-C2A71A229E7C}
		{90B51CF6-1D2E-31EF-B224-03A4A4EF2904} = {90B51CF6-1D2E-31EF-B224-03A4A4EF2904}
		{507E9171-D4CE-33F6-B02E-4678C1491B2D} = {507E9171-D4CE-33F6-B02E-4678C1491B2D}
		{63FF4D80-D3F0-3ECC-9180-45912C8DFCB4} = {63FF4D80-D3F0-3ECC-9180-45912C8DFCB4}
	EndProjectSection
EndProject
Project("{8BC9CEB8-8B4A-11D0-8D11-00A0C91BC942}") = "Calibration", "examples\calibration\Calibration.vcxproj", "{90B51CF6-1D2E-31EF-B224-03A4A4EF2904}"
	ProjectSection(ProjectDependencies) = postProject
		{63FF4D80-D3F0-3ECC-9180-45912C8DFCB4} = {63FF4D80-D3F0-3ECC-9180-45912C8DFCB4}
	EndProjectSection
EndProject
Project("{8BC9CEB8-8B4A-11D0-8D11-00A0C91BC942}") = "openpose", "src\openpose\openpose.vcxproj", "{63FF4D80-D3F0-3ECC-9180-45912C8DFCB4}"
	ProjectSection(ProjectDependencies) = postProject
	EndProjectSection
EndProject
Global
	GlobalSection(SolutionConfigurationPlatforms) = preSolution
		Release|x64 = Release|x64
		Debug|x64 = Debug|x64
	EndGlobalSection
	GlobalSection(ProjectConfigurationPlatforms) = postSolution
		{507E9171-D4CE-33F6-B02E-4678C1491B2D}.Release|x64.ActiveCfg = Release|x64
		{507E9171-D4CE-33F6-B02E-4678C1491B2D}.Release|x64.Build.0 = Release|x64
		{507E9171-D4CE-33F6-B02E-4678C1491B2D}.Debug|x64.ActiveCfg = Debug|x64
		{507E9171-D4CE-33F6-B02E-4678C1491B2D}.Debug|x64.Build.0 = Debug|x64
		{DD4870A1-D942-388F-9B38-38AF541C4090}.Release|x64.ActiveCfg = Release|x64
		{DD4870A1-D942-388F-9B38-38AF541C4090}.Release|x64.Build.0 = Release|x64
		{DD4870A1-D942-388F-9B38-38AF541C4090}.Debug|x64.ActiveCfg = Debug|x64
		{DD4870A1-D942-388F-9B38-38AF541C4090}.Debug|x64.Build.0 = Debug|x64
		{C9BDCB15-528A-3015-BD82-9814A15C1B50}.Release|x64.ActiveCfg = Release|x64
		{C9BDCB15-528A-3015-BD82-9814A15C1B50}.Release|x64.Build.0 = Release|x64
		{C9BDCB15-528A-3015-BD82-9814A15C1B50}.Debug|x64.ActiveCfg = Debug|x64
		{C9BDCB15-528A-3015-BD82-9814A15C1B50}.Debug|x64.Build.0 = Debug|x64
		{26C1F086-1A9C-37E9-B696-61FE2DDA39B2}.Release|x64.ActiveCfg = Release|x64
		{26C1F086-1A9C-37E9-B696-61FE2DDA39B2}.Release|x64.Build.0 = Release|x64
		{26C1F086-1A9C-37E9-B696-61FE2DDA39B2}.Debug|x64.ActiveCfg = Debug|x64
		{26C1F086-1A9C-37E9-B696-61FE2DDA39B2}.Debug|x64.Build.0 = Debug|x64
		{F9D404D9-2BE7-3F0C-9E4F-DDD47A619BC7}.Release|x64.ActiveCfg = Release|x64
		{F9D404D9-2BE7-3F0C-9E4F-DDD47A619BC7}.Release|x64.Build.0 = Release|x64
		{F9D404D9-2BE7-3F0C-9E4F-DDD47A619BC7}.Debug|x64.ActiveCfg = Debug|x64
		{F9D404D9-2BE7-3F0C-9E4F-DDD47A619BC7}.Debug|x64.Build.0 = Debug|x64
		{264A7E8A-5BE2-34E4-AA76-B2AE287D6E98}.Release|x64.ActiveCfg = Release|x64
		{264A7E8A-5BE2-34E4-AA76-B2AE287D6E98}.Release|x64.Build.0 = Release|x64
		{264A7E8A-5BE2-34E4-AA76-B2AE287D6E98}.Debug|x64.ActiveCfg = Debug|x64
		{264A7E8A-5BE2-34E4-AA76-B2AE287D6E98}.Debug|x64.Build.0 = Debug|x64
		{33DFCA19-8E81-3A87-8C26-E6E48861106B}.Release|x64.ActiveCfg = Release|x64
		{33DFCA19-8E81-3A87-8C26-E6E48861106B}.Release|x64.Build.0 = Release|x64
		{33DFCA19-8E81-3A87-8C26-E6E48861106B}.Debug|x64.ActiveCfg = Debug|x64
		{33DFCA19-8E81-3A87-8C26-E6E48861106B}.Debug|x64.Build.0 = Debug|x64
		{E5A9FDEA-0E55-3462-A606-BDACFCF5BE18}.Release|x64.ActiveCfg = Release|x64
		{E5A9FDEA-0E55-3462-A606-BDACFCF5BE18}.Release|x64.Build.0 = Release|x64
		{E5A9FDEA-0E55-3462-A606-BDACFCF5BE18}.Debug|x64.ActiveCfg = Debug|x64
		{E5A9FDEA-0E55-3462-A606-BDACFCF5BE18}.Debug|x64.Build.0 = Debug|x64
		{E1AF5FE3-B3D9-3F1C-9FB5-37300D3771C8}.Release|x64.ActiveCfg = Release|x64
		{E1AF5FE3-B3D9-3F1C-9FB5-37300D3771C8}.Release|x64.Build.0 = Release|x64
		{E1AF5FE3-B3D9-3F1C-9FB5-37300D3771C8}.Debug|x64.ActiveCfg = Debug|x64
		{E1AF5FE3-B3D9-3F1C-9FB5-37300D3771C8}.Debug|x64.Build.0 = Debug|x64
		{6E047B35-7ACC-3D2C-ACFC-13F53F3C873D}.Release|x64.ActiveCfg = Release|x64
		{6E047B35-7ACC-3D2C-ACFC-13F53F3C873D}.Release|x64.Build.0 = Release|x64
		{6E047B35-7ACC-3D2C-ACFC-13F53F3C873D}.Debug|x64.ActiveCfg = Debug|x64
		{6E047B35-7ACC-3D2C-ACFC-13F53F3C873D}.Debug|x64.Build.0 = Debug|x64
		{135049F1-9102-3457-9A6A-98C78338212D}.Release|x64.ActiveCfg = Release|x64
		{135049F1-9102-3457-9A6A-98C78338212D}.Release|x64.Build.0 = Release|x64
		{135049F1-9102-3457-9A6A-98C78338212D}.Debug|x64.ActiveCfg = Debug|x64
		{135049F1-9102-3457-9A6A-98C78338212D}.Debug|x64.Build.0 = Debug|x64
		{A983A560-9AB0-3140-AB9E-DE1D435F5885}.Release|x64.ActiveCfg = Release|x64
		{A983A560-9AB0-3140-AB9E-DE1D435F5885}.Release|x64.Build.0 = Release|x64
		{A983A560-9AB0-3140-AB9E-DE1D435F5885}.Debug|x64.ActiveCfg = Debug|x64
		{A983A560-9AB0-3140-AB9E-DE1D435F5885}.Debug|x64.Build.0 = Debug|x64
		{A52FCC82-FF19-3283-A7CB-EF2C794707F0}.Release|x64.ActiveCfg = Release|x64
		{A52FCC82-FF19-3283-A7CB-EF2C794707F0}.Release|x64.Build.0 = Release|x64
		{A52FCC82-FF19-3283-A7CB-EF2C794707F0}.Debug|x64.ActiveCfg = Debug|x64
		{A52FCC82-FF19-3283-A7CB-EF2C794707F0}.Debug|x64.Build.0 = Debug|x64
		{33FB93DD-77F1-3BC8-A72B-C2A71A229E7C}.Release|x64.ActiveCfg = Release|x64
		{33FB93DD-77F1-3BC8-A72B-C2A71A229E7C}.Release|x64.Build.0 = Release|x64
		{33FB93DD-77F1-3BC8-A72B-C2A71A229E7C}.Debug|x64.ActiveCfg = Debug|x64
		{33FB93DD-77F1-3BC8-A72B-C2A71A229E7C}.Debug|x64.Build.0 = Debug|x64
		{769F80D6-ED26-34E2-9BDF-AE3C874A229B}.Release|x64.ActiveCfg = Release|x64
		{769F80D6-ED26-34E2-9BDF-AE3C874A229B}.Debug|x64.ActiveCfg = Debug|x64
		{90B51CF6-1D2E-31EF-B224-03A4A4EF2904}.Release|x64.ActiveCfg = Release|x64
		{90B51CF6-1D2E-31EF-B224-03A4A4EF2904}.Release|x64.Build.0 = Release|x64
		{90B51CF6-1D2E-31EF-B224-03A4A4EF2904}.Debug|x64.ActiveCfg = Debug|x64
		{90B51CF6-1D2E-31EF-B224-03A4A4EF2904}.Debug|x64.Build.0 = Debug|x64
		{63FF4D80-D3F0-3ECC-9180-45912C8DFCB4}.Release|x64.ActiveCfg = Release|x64
		{63FF4D80-D3F0-3ECC-9180-45912C8DFCB4}.Release|x64.Build.0 = Release|x64
		{63FF4D80-D3F0-3ECC-9180-45912C8DFCB4}.Debug|x64.ActiveCfg = Debug|x64
		{63FF4D80-D3F0-3ECC-9180-45912C8DFCB4}.Debug|x64.Build.0 = Debug|x64
	EndGlobalSection
	GlobalSection(NestedProjects) = preSolution
		{769F80D6-ED26-34E2-9BDF-AE3C874A229B} = {82A922FF-A11D-3FBC-9DCF-B6E632F8846A}
		{BAC195F6-A5B2-3E86-AE2B-7A9B00F6812D} = {EBF78FA3-FA04-3E68-97B7-C6ECB08F94EA}
		{90B51CF6-1D2E-31EF-B224-03A4A4EF2904} = {EBF78FA3-FA04-3E68-97B7-C6ECB08F94EA}
		{507E9171-D4CE-33F6-B02E-4678C1491B2D} = {EBF78FA3-FA04-3E68-97B7-C6ECB08F94EA}
		{B9122EFE-BB98-3CB7-B642-5B8ED46982AD} = {BAC195F6-A5B2-3E86-AE2B-7A9B00F6812D}
		{206C9194-9E05-3C39-A839-7BCA0A871E87} = {BAC195F6-A5B2-3E86-AE2B-7A9B00F6812D}
		{976A2900-8260-3E0F-8B4D-D07BEFBFCFEA} = {BAC195F6-A5B2-3E86-AE2B-7A9B00F6812D}
		{0763FF95-A768-3EE7-AE86-B99B7F225D67} = {BAC195F6-A5B2-3E86-AE2B-7A9B00F6812D}
		{DD4870A1-D942-388F-9B38-38AF541C4090} = {B9122EFE-BB98-3CB7-B642-5B8ED46982AD}
		{C9BDCB15-528A-3015-BD82-9814A15C1B50} = {206C9194-9E05-3C39-A839-7BCA0A871E87}
		{264A7E8A-5BE2-34E4-AA76-B2AE287D6E98} = {206C9194-9E05-3C39-A839-7BCA0A871E87}
		{26C1F086-1A9C-37E9-B696-61FE2DDA39B2} = {976A2900-8260-3E0F-8B4D-D07BEFBFCFEA}
		{33DFCA19-8E81-3A87-8C26-E6E48861106B} = {976A2900-8260-3E0F-8B4D-D07BEFBFCFEA}
		{E1AF5FE3-B3D9-3F1C-9FB5-37300D3771C8} = {976A2900-8260-3E0F-8B4D-D07BEFBFCFEA}
		{135049F1-9102-3457-9A6A-98C78338212D} = {976A2900-8260-3E0F-8B4D-D07BEFBFCFEA}
		{F9D404D9-2BE7-3F0C-9E4F-DDD47A619BC7} = {0763FF95-A768-3EE7-AE86-B99B7F225D67}
		{E5A9FDEA-0E55-3462-A606-BDACFCF5BE18} = {0763FF95-A768-3EE7-AE86-B99B7F225D67}
		{6E047B35-7ACC-3D2C-ACFC-13F53F3C873D} = {0763FF95-A768-3EE7-AE86-B99B7F225D67}
		{A983A560-9AB0-3140-AB9E-DE1D435F5885} = {0763FF95-A768-3EE7-AE86-B99B7F225D67}
		{A52FCC82-FF19-3283-A7CB-EF2C794707F0} = {0763FF95-A768-3EE7-AE86-B99B7F225D67}
		{33FB93DD-77F1-3BC8-A72B-C2A71A229E7C} = {0763FF95-A768-3EE7-AE86-B99B7F225D67}
		{63FF4D80-D3F0-3ECC-9180-45912C8DFCB4} = {2B515FCC-DF51-326F-BB9C-32028542A969}
	EndGlobalSection
	GlobalSection(ExtensibilityGlobals) = postSolution
		SolutionGuid = {D82ACD45-D6FF-3F5C-AC3D-FADF11D0DD45}
	EndGlobalSection
	GlobalSection(ExtensibilityAddIns) = postSolution
	EndGlobalSection
EndGlobal
